
Microsoft Visual Studio Solution File, Format Version 12.00
# Visual Studio Version 17
VisualStudioVersion = 17.2.32526.322
MinimumVisualStudioVersion = 10.0.40219.1
Project("{FAE04EC0-301F-11D3-BF4B-00C04F79EFBC}") = "DummyProject", "DummyProject\DummyProject.csproj", "{C1FB21D2-3A22-41BE-B2A2-A2F1FB5C126D}"
EndProject
Global
	GlobalSection(SolutionConfigurationPlatforms) = preSolution
		Debug|Any CPU = Debug|Any CPU
		Release|Any CPU = Release|Any CPU
	EndGlobalSection
	GlobalSection(ProjectConfigurationPlatforms) = postSolution
		{C1FB21D2-3A22-41BE-B2A2-A2F1FB5C126D}.Debug|Any CPU.ActiveCfg = Debug|Any CPU
		{C1FB21D2-3A22-41BE-B2A2-A2F1FB5C126D}.Debug|Any CPU.Build.0 = Debug|Any CPU
		{C1FB21D2-3A22-41BE-B2A2-A2F1FB5C126D}.Release|Any CPU.ActiveCfg = Release|Any CPU
		{C1FB21D2-3A22-41BE-B2A2-A2F1FB5C126D}.Release|Any CPU.Build.0 = Release|Any CPU
	EndGlobalSection
	GlobalSection(SolutionProperties) = preSolution
		HideSolutionNode = FALSE
	EndGlobalSection
	GlobalSection(ExtensibilityGlobals) = postSolution
		SolutionGuid = {C0BDA8FB-9DCC-4D76-96A8-842511966B9A}
	EndGlobalSection
EndGlobal
